{
  "name": "image-quantizer-ui",
  "lockfileVersion": 3,
  "requires": true,
  "packages": {
    "": {
      "dependencies": {
        "image-quantizer-lib": "file:../image-quantizer-lib/pkg"
      }
    },
    "../image-quantizer-lib/pkg": {
      "name": "image-quantizer-lib",
      "version": "0.1.0"
    },
    "node_modules/image-quantizer-lib": {
      "resolved": "../image-quantizer-lib/pkg",
      "link": true
    }
  }
}
